
Microsoft Visual Studio Solution File, Format Version 12.00
# Visual Studio Version 17
VisualStudioVersion = 17.1.32319.34
MinimumVisualStudioVersion = 10.0.40219.1
Project("{FAE04EC0-301F-11D3-BF4B-00C04F79EFBC}") = "BlazorServerAppDemo", "BlazorServerAppDemo\BlazorServerAppDemo.csproj", "{AE11B816-97FE-4516-94DC-779710B18891}"
EndProject
Global
	GlobalSection(SolutionConfigurationPlatforms) = preSolution
		Debug|Any CPU = Debug|Any CPU
		Release|Any CPU = Release|Any CPU
	EndGlobalSection
	GlobalSection(ProjectConfigurationPlatforms) = postSolution
		{AE11B816-97FE-4516-94DC-779710B18891}.Debug|Any CPU.ActiveCfg = Debug|Any CPU
		{AE11B816-97FE-4516-94DC-779710B18891}.Debug|Any CPU.Build.0 = Debug|Any CPU
		{AE11B816-97FE-4516-94DC-779710B18891}.Release|Any CPU.ActiveCfg = Release|Any CPU
		{AE11B816-97FE-4516-94DC-779710B18891}.Release|Any CPU.Build.0 = Release|Any CPU
	EndGlobalSection
	GlobalSection(SolutionProperties) = preSolution
		HideSolutionNode = FALSE
	EndGlobalSection
	GlobalSection(ExtensibilityGlobals) = postSolution
		SolutionGuid = {08077BCE-A4E5-4B7A-A057-F7F25B042A6A}
	EndGlobalSection
EndGlobal
